
Microsoft Visual Studio Solution File, Format Version 12.00
# Visual Studio Version 16
VisualStudioVersion = 16.0.29215.179
MinimumVisualStudioVersion = 10.0.40219.1
Project("{FAE04EC0-301F-11D3-BF4B-00C04F79EFBC}") = "AppNew.Android", "AppNew\AppNew.Android\AppNew.Android.csproj", "{D9DB4DA6-C036-454A-AC90-C0130814E600}"
EndProject
Project("{FAE04EC0-301F-11D3-BF4B-00C04F79EFBC}") = "AppNew.iOS", "AppNew\AppNew.iOS\AppNew.iOS.csproj", "{FCEC666B-CA9A-4EAE-AE47-980E45D0D021}"
EndProject
Project("{FAE04EC0-301F-11D3-BF4B-00C04F79EFBC}") = "AppNew", "AppNew\AppNew\AppNew.csproj", "{3F2619A7-20E8-4265-911B-5B920EE03EED}"
EndProject
Global
	GlobalSection(SolutionConfigurationPlatforms) = preSolution
		Debug|Any CPU = Debug|Any CPU
		Debug|iPhone = Debug|iPhone
		Debug|iPhoneSimulator = Debug|iPhoneSimulator
		Release|Any CPU = Release|Any CPU
		Release|iPhone = Release|iPhone
		Release|iPhoneSimulator = Release|iPhoneSimulator
	EndGlobalSection
	GlobalSection(ProjectConfigurationPlatforms) = postSolution
		{D9DB4DA6-C036-454A-AC90-C0130814E600}.Debug|Any CPU.ActiveCfg = Debug|Any CPU
		{D9DB4DA6-C036-454A-AC90-C0130814E600}.Debug|Any CPU.Build.0 = Debug|Any CPU
		{D9DB4DA6-C036-454A-AC90-C0130814E600}.Debug|Any CPU.Deploy.0 = Debug|Any CPU
		{D9DB4DA6-C036-454A-AC90-C0130814E600}.Debug|iPhone.ActiveCfg = Debug|Any CPU
		{D9DB4DA6-C036-454A-AC90-C0130814E600}.Debug|iPhone.Build.0 = Debug|Any CPU
		{D9DB4DA6-C036-454A-AC90-C0130814E600}.Debug|iPhone.Deploy.0 = Debug|Any CPU
		{D9DB4DA6-C036-454A-AC90-C0130814E600}.Debug|iPhoneSimulator.ActiveCfg = Debug|Any CPU
		{D9DB4DA6-C036-454A-AC90-C0130814E600}.Debug|iPhoneSimulator.Build.0 = Debug|Any CPU
		{D9DB4DA6-C036-454A-AC90-C0130814E600}.Debug|iPhoneSimulator.Deploy.0 = Debug|Any CPU
		{D9DB4DA6-C036-454A-AC90-C0130814E600}.Release|Any CPU.ActiveCfg = Release|Any CPU
		{D9DB4DA6-C036-454A-AC90-C0130814E600}.Release|Any CPU.Build.0 = Release|Any CPU
		{D9DB4DA6-C036-454A-AC90-C0130814E600}.Release|Any CPU.Deploy.0 = Release|Any CPU
		{D9DB4DA6-C036-454A-AC90-C0130814E600}.Release|iPhone.ActiveCfg = Release|Any CPU
		{D9DB4DA6-C036-454A-AC90-C0130814E600}.Release|iPhone.Build.0 = Release|Any CPU
		{D9DB4DA6-C036-454A-AC90-C0130814E600}.Release|iPhone.Deploy.0 = Release|Any CPU
		{D9DB4DA6-C036-454A-AC90-C0130814E600}.Release|iPhoneSimulator.ActiveCfg = Release|Any CPU
		{D9DB4DA6-C036-454A-AC90-C0130814E600}.Release|iPhoneSimulator.Build.0 = Release|Any CPU
		{D9DB4DA6-C036-454A-AC90-C0130814E600}.Release|iPhoneSimulator.Deploy.0 = Release|Any CPU
		{FCEC666B-CA9A-4EAE-AE47-980E45D0D021}.Debug|Any CPU.ActiveCfg = Debug|iPhoneSimulator
		{FCEC666B-CA9A-4EAE-AE47-980E45D0D021}.Debug|Any CPU.Build.0 = Debug|iPhoneSimulator
		{FCEC666B-CA9A-4EAE-AE47-980E45D0D021}.Debug|Any CPU.Deploy.0 = Debug|iPhoneSimulator
		{FCEC666B-CA9A-4EAE-AE47-980E45D0D021}.Debug|iPhone.ActiveCfg = Debug|iPhone
		{FCEC666B-CA9A-4EAE-AE47-980E45D0D021}.Debug|iPhone.Build.0 = Debug|iPhone
		{FCEC666B-CA9A-4EAE-AE47-980E45D0D021}.Debug|iPhone.Deploy.0 = Debug|iPhone
		{FCEC666B-CA9A-4EAE-AE47-980E45D0D021}.Debug|iPhoneSimulator.ActiveCfg = Debug|iPhoneSimulator
		{FCEC666B-CA9A-4EAE-AE47-980E45D0D021}.Debug|iPhoneSimulator.Build.0 = Debug|iPhoneSimulator
		{FCEC666B-CA9A-4EAE-AE47-980E45D0D021}.Debug|iPhoneSimulator.Deploy.0 = Debug|iPhoneSimulator
		{FCEC666B-CA9A-4EAE-AE47-980E45D0D021}.Release|Any CPU.ActiveCfg = Release|iPhone
		{FCEC666B-CA9A-4EAE-AE47-980E45D0D021}.Release|Any CPU.Build.0 = Release|iPhone
		{FCEC666B-CA9A-4EAE-AE47-980E45D0D021}.Release|Any CPU.Deploy.0 = Release|iPhone
		{FCEC666B-CA9A-4EAE-AE47-980E45D0D021}.Release|iPhone.ActiveCfg = Release|iPhone
		{FCEC666B-CA9A-4EAE-AE47-980E45D0D021}.Release|iPhone.Build.0 = Release|iPhone
		{FCEC666B-CA9A-4EAE-AE47-980E45D0D021}.Release|iPhone.Deploy.0 = Release|iPhone
		{FCEC666B-CA9A-4EAE-AE47-980E45D0D021}.Release|iPhoneSimulator.ActiveCfg = Release|iPhoneSimulator
		{FCEC666B-CA9A-4EAE-AE47-980E45D0D021}.Release|iPhoneSimulator.Build.0 = Release|iPhoneSimulator
		{FCEC666B-CA9A-4EAE-AE47-980E45D0D021}.Release|iPhoneSimulator.Deploy.0 = Release|iPhoneSimulator
		{3F2619A7-20E8-4265-911B-5B920EE03EED}.Debug|Any CPU.ActiveCfg = Debug|Any CPU
		{3F2619A7-20E8-4265-911B-5B920EE03EED}.Debug|Any CPU.Build.0 = Debug|Any CPU
		{3F2619A7-20E8-4265-911B-5B920EE03EED}.Debug|Any CPU.Deploy.0 = Debug|Any CPU
		{3F2619A7-20E8-4265-911B-5B920EE03EED}.Debug|iPhone.ActiveCfg = Debug|Any CPU
		{3F2619A7-20E8-4265-911B-5B920EE03EED}.Debug|iPhone.Build.0 = Debug|Any CPU
		{3F2619A7-20E8-4265-911B-5B920EE03EED}.Debug|iPhone.Deploy.0 = Debug|Any CPU
		{3F2619A7-20E8-4265-911B-5B920EE03EED}.Debug|iPhoneSimulator.ActiveCfg = Debug|Any CPU
		{3F2619A7-20E8-4265-911B-5B920EE03EED}.Debug|iPhoneSimulator.Build.0 = Debug|Any CPU
		{3F2619A7-20E8-4265-911B-5B920EE03EED}.Debug|iPhoneSimulator.Deploy.0 = Debug|Any CPU
		{3F2619A7-20E8-4265-911B-5B920EE03EED}.Release|Any CPU.ActiveCfg = Release|Any CPU
		{3F2619A7-20E8-4265-911B-5B920EE03EED}.Release|Any CPU.Build.0 = Release|Any CPU
		{3F2619A7-20E8-4265-911B-5B920EE03EED}.Release|Any CPU.Deploy.0 = Release|Any CPU
		{3F2619A7-20E8-4265-911B-5B920EE03EED}.Release|iPhone.ActiveCfg = Release|Any CPU
		{3F2619A7-20E8-4265-911B-5B920EE03EED}.Release|iPhone.Build.0 = Release|Any CPU
		{3F2619A7-20E8-4265-911B-5B920EE03EED}.Release|iPhone.Deploy.0 = Release|Any CPU
		{3F2619A7-20E8-4265-911B-5B920EE03EED}.Release|iPhoneSimulator.ActiveCfg = Release|Any CPU
		{3F2619A7-20E8-4265-911B-5B920EE03EED}.Release|iPhoneSimulator.Build.0 = Release|Any CPU
		{3F2619A7-20E8-4265-911B-5B920EE03EED}.Release|iPhoneSimulator.Deploy.0 = Release|Any CPU
	EndGlobalSection
	GlobalSection(SolutionProperties) = preSolution
		HideSolutionNode = FALSE
	EndGlobalSection
	GlobalSection(ExtensibilityGlobals) = postSolution
		SolutionGuid = {C22D9011-7DA5-4E21-9070-BCA17E7907DA}
	EndGlobalSection
EndGlobal
